{
  "nodes": {
    "esdbclient": {
      "inputs": {
        "flake-utils": [
          "pythoneda-shared-pythonlang-infrastructure",
          "flake-utils"
        ],
        "nixos": [
          "pythoneda-shared-pythonlang-infrastructure",
          "nixos"
        ]
      },
      "locked": {
        "dir": "esdbclient",
        "lastModified": 1709013782,
        "narHash": "sha256-FKPKV5n997R/g+87THSHzSrIDs5ZQqPeEwkxU9QOy44=",
        "owner": "rydnr",
        "repo": "nix-flakes",
        "rev": "f9431ef419af65458c92afe1ebc6ca2c7294aacf",
        "type": "github"
      },
      "original": {
        "dir": "esdbclient",
        "owner": "rydnr",
        "repo": "nix-flakes",
        "type": "github"
      }
    },
    "flake-utils": {
      "locked": {
        "lastModified": 1652776076,
        "narHash": "sha256-gzTw/v1vj4dOVbpBSJX4J0DwUR6LIyXo7/SuuTJp1kM=",
        "owner": "numtide",
        "repo": "flake-utils",
        "rev": "04c1b180862888302ddfb2e3ad9eaa63afc60cf8",
        "type": "github"
      },
      "original": {
        "owner": "numtide",
        "ref": "v1.0.0",
        "repo": "flake-utils",
        "type": "github"
      }
    },
    "nixos": {
      "locked": {
        "lastModified": 1717179513,
        "narHash": "sha256-vboIEwIQojofItm2xGCdZCzW96U85l9nDW3ifMuAIdM=",
        "owner": "NixOS",
        "repo": "nixpkgs",
        "rev": "63dacb46bf939521bdc93981b4cbb7ecb58427a0",
        "type": "github"
      },
      "original": {
        "owner": "NixOS",
        "ref": "24.05",
        "repo": "nixpkgs",
        "type": "github"
      }
    },
    "pythoneda-shared-pythonlang-banner": {
      "inputs": {
        "flake-utils": [
          "flake-utils"
        ],
        "nixos": [
          "nixos"
        ]
      },
      "locked": {
        "lastModified": 1730181446,
        "narHash": "sha256-1B4ovB3aA+OC5f6md8pgZNaSOB+UnVAB8RIS5yHpSiQ=",
        "owner": "pythoneda-shared-pythonlang-def",
        "repo": "banner",
        "rev": "d196fd51946f4e69648cbfbe2ea596b295e7cd92",
        "type": "github"
      },
      "original": {
        "owner": "pythoneda-shared-pythonlang-def",
        "ref": "0.0.51",
        "repo": "banner",
        "type": "github"
      }
    },
    "pythoneda-shared-pythonlang-domain": {
      "inputs": {
        "flake-utils": [
          "flake-utils"
        ],
        "nixos": [
          "nixos"
        ],
        "pythoneda-shared-pythonlang-banner": [
          "pythoneda-shared-pythonlang-banner"
        ]
      },
      "locked": {
        "lastModified": 1730181500,
        "narHash": "sha256-QdmRyq7X7devcyEFQXy3ND8nfgePh6J1EQs0Yzrtd0s=",
        "owner": "pythoneda-shared-pythonlang-def",
        "repo": "domain",
        "rev": "e4d2a99d56ee9e7afaa3e50326566cbbaddc3856",
        "type": "github"
      },
      "original": {
        "owner": "pythoneda-shared-pythonlang-def",
        "ref": "0.0.51",
        "repo": "domain",
        "type": "github"
      }
    },
    "pythoneda-shared-pythonlang-infrastructure": {
      "inputs": {
        "esdbclient": "esdbclient",
        "flake-utils": [
          "flake-utils"
        ],
        "nixos": [
          "nixos"
        ],
        "pythoneda-shared-pythonlang-banner": [
          "pythoneda-shared-pythonlang-banner"
        ],
        "pythoneda-shared-pythonlang-domain": [
          "pythoneda-shared-pythonlang-domain"
        ]
      },
      "locked": {
        "lastModified": 1730181566,
        "narHash": "sha256-aLbXZrgdISo/M5GuJ/6DwFywxI/N5UlgbY3SgOn9XyU=",
        "owner": "pythoneda-shared-pythonlang-def",
        "repo": "infrastructure",
        "rev": "81a88272bdd28de2191bf5bdf568ccb6b335f194",
        "type": "github"
      },
      "original": {
        "owner": "pythoneda-shared-pythonlang-def",
        "ref": "0.0.38",
        "repo": "infrastructure",
        "type": "github"
      }
    },
    "pythoneda-shared-runtime-lifecycle-events": {
      "inputs": {
        "flake-utils": [
          "flake-utils"
        ],
        "nixos": [
          "nixos"
        ],
        "pythoneda-shared-pythonlang-banner": [
          "pythoneda-shared-pythonlang-banner"
        ],
        "pythoneda-shared-pythonlang-domain": [
          "pythoneda-shared-pythonlang-domain"
        ]
      },
      "locked": {
        "lastModified": 1730185274,
        "narHash": "sha256-Bw1d6k9UDhDs2oqkxMyD9tPRyhX4DXFtFrPtNLbsbIc=",
        "owner": "pythoneda-shared-runtime-def",
        "repo": "lifecycle-events",
        "rev": "e30806d0f72d8572c9f0e73752cf654c7f831f37",
        "type": "github"
      },
      "original": {
        "owner": "pythoneda-shared-runtime-def",
        "ref": "0.0.15",
        "repo": "lifecycle-events",
        "type": "github"
      }
    },
    "root": {
      "inputs": {
        "flake-utils": "flake-utils",
        "nixos": "nixos",
        "pythoneda-shared-pythonlang-banner": "pythoneda-shared-pythonlang-banner",
        "pythoneda-shared-pythonlang-domain": "pythoneda-shared-pythonlang-domain",
        "pythoneda-shared-pythonlang-infrastructure": "pythoneda-shared-pythonlang-infrastructure",
        "pythoneda-shared-runtime-lifecycle-events": "pythoneda-shared-runtime-lifecycle-events"
      }
    }
  },
  "root": "root",
  "version": 7
}
